
Microsoft Visual Studio Solution File, Format Version 12.00
# Visual Studio Version 17
VisualStudioVersion = 17.10.34916.146
MinimumVisualStudioVersion = 10.0.40219.1
Project("{FAE04EC0-301F-11D3-BF4B-00C04F79EFBC}") = "CoffeeBrowser", "CoffeeBrowser\CoffeeBrowser.csproj", "{FE71BF29-9F84-476A-A8A8-842A226DA9DC}"
EndProject
Global
	GlobalSection(SolutionConfigurationPlatforms) = preSolution
		Debug|Any CPU = Debug|Any CPU
		Release|Any CPU = Release|Any CPU
	EndGlobalSection
	GlobalSection(ProjectConfigurationPlatforms) = postSolution
		{FE71BF29-9F84-476A-A8A8-842A226DA9DC}.Debug|Any CPU.ActiveCfg = Debug|Any CPU
		{FE71BF29-9F84-476A-A8A8-842A226DA9DC}.Debug|Any CPU.Build.0 = Debug|Any CPU
		{FE71BF29-9F84-476A-A8A8-842A226DA9DC}.Release|Any CPU.ActiveCfg = Release|Any CPU
		{FE71BF29-9F84-476A-A8A8-842A226DA9DC}.Release|Any CPU.Build.0 = Release|Any CPU
	EndGlobalSection
	GlobalSection(SolutionProperties) = preSolution
		HideSolutionNode = FALSE
	EndGlobalSection
	GlobalSection(ExtensibilityGlobals) = postSolution
		SolutionGuid = {D2F4D363-62AC-4C2E-BA6B-354AB2478F99}
	EndGlobalSection
EndGlobal
